
Microsoft Visual Studio Solution File, Format Version 12.00
# Visual Studio 15
VisualStudioVersion = 15.0.27004.2002
MinimumVisualStudioVersion = 10.0.40219.1
Project("{FAE04EC0-301F-11D3-BF4B-00C04F79EFBC}") = "Ass2", "Ass2\Ass2.csproj", "{91B600CA-54B8-4477-BBCC-FAFA0B9CD457}"
EndProject
Project("{FAE04EC0-301F-11D3-BF4B-00C04F79EFBC}") = "Ass2.Tests", "Ass2.Tests\Ass2.Tests.csproj", "{C99A2218-1CDA-4769-87B2-072F8670EFB5}"
EndProject
Global
	GlobalSection(SolutionConfigurationPlatforms) = preSolution
		Debug|Any CPU = Debug|Any CPU
		Release|Any CPU = Release|Any CPU
	EndGlobalSection
	GlobalSection(ProjectConfigurationPlatforms) = postSolution
		{91B600CA-54B8-4477-BBCC-FAFA0B9CD457}.Debug|Any CPU.ActiveCfg = Debug|Any CPU
		{91B600CA-54B8-4477-BBCC-FAFA0B9CD457}.Debug|Any CPU.Build.0 = Debug|Any CPU
		{91B600CA-54B8-4477-BBCC-FAFA0B9CD457}.Release|Any CPU.ActiveCfg = Release|Any CPU
		{91B600CA-54B8-4477-BBCC-FAFA0B9CD457}.Release|Any CPU.Build.0 = Release|Any CPU
		{C99A2218-1CDA-4769-87B2-072F8670EFB5}.Debug|Any CPU.ActiveCfg = Debug|Any CPU
		{C99A2218-1CDA-4769-87B2-072F8670EFB5}.Debug|Any CPU.Build.0 = Debug|Any CPU
		{C99A2218-1CDA-4769-87B2-072F8670EFB5}.Release|Any CPU.ActiveCfg = Release|Any CPU
		{C99A2218-1CDA-4769-87B2-072F8670EFB5}.Release|Any CPU.Build.0 = Release|Any CPU
	EndGlobalSection
	GlobalSection(SolutionProperties) = preSolution
		HideSolutionNode = FALSE
	EndGlobalSection
	GlobalSection(ExtensibilityGlobals) = postSolution
		SolutionGuid = {49D7BA05-5D96-484C-9680-8689BBACE8B9}
	EndGlobalSection
EndGlobal
